// !$*UTF8*$!
{
	archiveVersion = 1;
	classes = {
	};
	objectVersion = 46;
	objects = {

/* Begin PBXBuildFile section */
		D69164F61B94950900F74142 /* testView.h in Headers */ = {isa = PBXBuildFile; fileRef = D69164F51B94950900F74142 /* testView.h */; };
		D69164F81B94950900F74142 /* testView.m in Sources */ = {isa = PBXBuildFile; fileRef = D69164F71B94950900F74142 /* testView.m */; };
		D69164FF1B94964800F74142 /* index.html in Resources */ = {isa = PBXBuildFile; fileRef = D69164FE1B94964800F74142 /* index.html */; };
		D69165011B94986E00F74142 /* style.css in Resources */ = {isa = PBXBuildFile; fileRef = D69165001B94986E00F74142 /* style.css */; };
/* End PBXBuildFile section */

/* Begin PBXFileReference section */
		D69164F01B94950900F74142 /* test.saver */ = {isa = PBXFileReference; explicitFileType = wrapper.cfbundle; includeInIndex = 0; path = test.saver; sourceTree = BUILT_PRODUCTS_DIR; };
		D69164F41B94950900F74142 /* Info.plist */ = {isa = PBXFileReference; lastKnownFileType = text.plist.xml; path = Info.plist; sourceTree = "<group>"; };
		D69164F51B94950900F74142 /* testView.h */ = {isa = PBXFileReference; lastKnownFileType = sourcecode.c.h; path = testView.h; sourceTree = "<group>"; };
		D69164F71B94950900F74142 /* testView.m */ = {isa = PBXFileReference; lastKnownFileType = sourcecode.c.objc; path = testView.m; sourceTree = "<group>"; };
		D69164FE1B94964800F74142 /* index.html */ = {isa = PBXFileReference; fileEncoding = 4; lastKnownFileType = text.html; path = index.html; sourceTree = "<group>"; };
		D69165001B94986E00F74142 /* style.css */ = {isa = PBXFileReference; fileEncoding = 4; lastKnownFileType = text.css; path = style.css; sourceTree = "<group>"; };
/* End PBXFileReference section */

/* Begin PBXFrameworksBuildPhase section */
		D69164EC1B94950900F74142 /* Frameworks */ = {
			isa = PBXFrameworksBuildPhase;
			buildActionMask = 2147483647;
			files = (
			);
			runOnlyForDeploymentPostprocessing = 0;
		};
/* End PBXFrameworksBuildPhase section */

/* Begin PBXGroup section */
		D69164E61B94950900F74142 = {
			isa = PBXGroup;
			children = (
				D69164F21B94950900F74142 /* test */,
				D69164F11B94950900F74142 /* Products */,
			);
			sourceTree = "<group>";
		};
		D69164F11B94950900F74142 /* Products */ = {
			isa = PBXGroup;
			children = (
				D69164F01B94950900F74142 /* test.saver */,
			);
			name = Products;
			sourceTree = "<group>";
		};
		D69164F21B94950900F74142 /* test */ = {
			isa = PBXGroup;
			children = (
				D69164F51B94950900F74142 /* testView.h */,
				D69164F71B94950900F74142 /* testView.m */,
				D69164FE1B94964800F74142 /* index.html */,
				D69165001B94986E00F74142 /* style.css */,
				D69164F31B94950900F74142 /* Supporting Files */,
			);
			path = test;
			sourceTree = "<group>";
		};
		D69164F31B94950900F74142 /* Supporting Files */ = {
			isa = PBXGroup;
			children = (
				D69164F41B94950900F74142 /* Info.plist */,
			);
			name = "Supporting Files";
			sourceTree = "<group>";
		};
/* End PBXGroup section */

/* Begin PBXHeadersBuildPhase section */
		D69164ED1B94950900F74142 /* Headers */ = {
			isa = PBXHeadersBuildPhase;
			buildActionMask = 2147483647;
			files = (
				D69164F61B94950900F74142 /* testView.h in Headers */,
			);
			runOnlyForDeploymentPostprocessing = 0;
		};
/* End PBXHeadersBuildPhase section */

/* Begin PBXNativeTarget section */
		D69164EF1B94950900F74142 /* test */ = {
			isa = PBXNativeTarget;
			buildConfigurationList = D69164FB1B94950900F74142 /* Build configuration list for PBXNativeTarget "test" */;
			buildPhases = (
				D69164EB1B94950900F74142 /* Sources */,
				D69164EC1B94950900F74142 /* Frameworks */,
				D69164ED1B94950900F74142 /* Headers */,
				D69164EE1B94950900F74142 /* Resources */,
			);
			buildRules = (
			);
			dependencies = (
			);
			name = test;
			productName = test;
			productReference = D69164F01B94950900F74142 /* test.saver */;
			productType = "com.apple.product-type.bundle";
		};
/* End PBXNativeTarget section */

/* Begin PBXProject section */
		D69164E71B94950900F74142 /* Project object */ = {
			isa = PBXProject;
			attributes = {
				LastUpgradeCheck = 0640;
				ORGANIZATIONNAME = "Yuta Kinashi";
				TargetAttributes = {
					D69164EF1B94950900F74142 = {
						CreatedOnToolsVersion = 6.4;
					};
				};
			};
			buildConfigurationList = D69164EA1B94950900F74142 /* Build configuration list for PBXProject "test" */;
			compatibilityVersion = "Xcode 3.2";
			developmentRegion = English;
			hasScannedForEncodings = 0;
			knownRegions = (
				en,
			);
			mainGroup = D69164E61B94950900F74142;
			productRefGroup = D69164F11B94950900F74142 /* Products */;
			projectDirPath = "";
			projectRoot = "";
			targets = (
				D69164EF1B94950900F74142 /* test */,
			);
		};
/* End PBXProject section */

/* Begin PBXResourcesBuildPhase section */
		D69164EE1B94950900F74142 /* Resources */ = {
			isa = PBXResourcesBuildPhase;
			buildActionMask = 2147483647;
			files = (
				D69164FF1B94964800F74142 /* index.html in Resources */,
				D69165011B94986E00F74142 /* style.css in Resources */,
			);
			runOnlyForDeploymentPostprocessing = 0;
		};
/* End PBXResourcesBuildPhase section */

/* Begin PBXSourcesBuildPhase section */
		D69164EB1B94950900F74142 /* Sources */ = {
			isa = PBXSourcesBuildPhase;
			buildActionMask = 2147483647;
			files = (
				D69164F81B94950900F74142 /* testView.m in Sources */,
			);
			runOnlyForDeploymentPostprocessing = 0;
		};
/* End PBXSourcesBuildPhase section */

/* Begin XCBuildConfiguration section */
		D69164F91B94950900F74142 /* Debug */ = {
			isa = XCBuildConfiguration;
			buildSettings = {
				ALWAYS_SEARCH_USER_PATHS = NO;
				CLANG_CXX_LANGUAGE_STANDARD = "gnu++0x";
				CLANG_CXX_LIBRARY = "libc++";
				CLANG_ENABLE_MODULES = YES;
				CLANG_ENABLE_OBJC_ARC = YES;
				CLANG_WARN_BOOL_CONVERSION = YES;
				CLANG_WARN_CONSTANT_CONVERSION = YES;
				CLANG_WARN_DIRECT_OBJC_ISA_USAGE = YES_ERROR;
				CLANG_WARN_EMPTY_BODY = YES;
				CLANG_WARN_ENUM_CONVERSION = YES;
				CLANG_WARN_INT_CONVERSION = YES;
				CLANG_WARN_OBJC_ROOT_CLASS = YES_ERROR;
				CLANG_WARN_UNREACHABLE_CODE = YES;
				CLANG_WARN__DUPLICATE_METHOD_MATCH = YES;
				COPY_PHASE_STRIP = NO;
				DEBUG_INFORMATION_FORMAT = dwarf;
				ENABLE_STRICT_OBJC_MSGSEND = YES;
				GCC_C_LANGUAGE_STANDARD = gnu99;
				GCC_DYNAMIC_NO_PIC = NO;
				GCC_NO_COMMON_BLOCKS = YES;
				GCC_OPTIMIZATION_LEVEL = 0;
				GCC_PREPROCESSOR_DEFINITIONS = (
					"DEBUG=1",
					"$(inherited)",
				);
				GCC_SYMBOLS_PRIVATE_EXTERN = NO;
				GCC_WARN_64_TO_32_BIT_CONVERSION = YES;
				GCC_WARN_ABOUT_RETURN_TYPE = YES_ERROR;
				GCC_WARN_UNDECLARED_SELECTOR = YES;
				GCC_WARN_UNINITIALIZED_AUTOS = YES_AGGRESSIVE;
				GCC_WARN_UNUSED_FUNCTION = YES;
				GCC_WARN_UNUSED_VARIABLE = YES;
				MACOSX_DEPLOYMENT_TARGET = 10.10;
				MTL_ENABLE_DEBUG_INFO = YES;
				ONLY_ACTIVE_ARCH = YES;
				SDKROOT = macosx;
			};
			name = Debug;
		};
		D69164FA1B94950900F74142 /* Release */ = {
			isa = XCBuildConfiguration;
			buildSettings = {
				ALWAYS_SEARCH_USER_PATHS = NO;
				CLANG_CXX_LANGUAGE_STANDARD = "gnu++0x";
				CLANG_CXX_LIBRARY = "libc++";
				CLANG_ENABLE_MODULES = YES;
				CLANG_ENABLE_OBJC_ARC = YES;
				CLANG_WARN_BOOL_CONVERSION = YES;
				CLANG_WARN_CONSTANT_CONVERSION = YES;
				CLANG_WARN_DIRECT_OBJC_ISA_USAGE = YES_ERROR;
				CLANG_WARN_EMPTY_BODY = YES;
				CLANG_WARN_ENUM_CONVERSION = YES;
				CLANG_WARN_INT_CONVERSION = YES;
				CLANG_WARN_OBJC_ROOT_CLASS = YES_ERROR;
				CLANG_WARN_UNREACHABLE_CODE = YES;
				CLANG_WARN__DUPLICATE_METHOD_MATCH = YES;
				COPY_PHASE_STRIP = NO;
				DEBUG_INFORMATION_FORMAT = "dwarf-with-dsym";
				ENABLE_NS_ASSERTIONS = NO;
				ENABLE_STRICT_OBJC_MSGSEND = YES;
				GCC_C_LANGUAGE_STANDARD = gnu99;
				GCC_NO_COMMON_BLOCKS = YES;
				GCC_WARN_64_TO_32_BIT_CONVERSION = YES;
				GCC_WARN_ABOUT_RETURN_TYPE = YES_ERROR;
				GCC_WARN_UNDECLARED_SELECTOR = YES;
				GCC_WARN_UNINITIALIZED_AUTOS = YES_AGGRESSIVE;
				GCC_WARN_UNUSED_FUNCTION = YES;
				GCC_WARN_UNUSED_VARIABLE = YES;
				MACOSX_DEPLOYMENT_TARGET = 10.10;
				MTL_ENABLE_DEBUG_INFO = NO;
				SDKROOT = macosx;
			};
			name = Release;
		};
		D69164FC1B94950900F74142 /* Debug */ = {
			isa = XCBuildConfiguration;
			buildSettings = {
				COMBINE_HIDPI_IMAGES = YES;
				INFOPLIST_FILE = test/Info.plist;
				INSTALL_PATH = "$(HOME)/Library/Screen Savers";
				PRODUCT_NAME = "$(TARGET_NAME)";
				WRAPPER_EXTENSION = saver;
			};
			name = Debug;
		};
		D69164FD1B94950900F74142 /* Release */ = {
			isa = XCBuildConfiguration;
			buildSettings = {
				COMBINE_HIDPI_IMAGES = YES;
				INFOPLIST_FILE = test/Info.plist;
				INSTALL_PATH = "$(HOME)/Library/Screen Savers";
				PRODUCT_NAME = "$(TARGET_NAME)";
				WRAPPER_EXTENSION = saver;
			};
			name = Release;
		};
/* End XCBuildConfiguration section */

/* Begin XCConfigurationList section */
		D69164EA1B94950900F74142 /* Build configuration list for PBXProject "test" */ = {
			isa = XCConfigurationList;
			buildConfigurations = (
				D69164F91B94950900F74142 /* Debug */,
				D69164FA1B94950900F74142 /* Release */,
			);
			defaultConfigurationIsVisible = 0;
			defaultConfigurationName = Release;
		};
		D69164FB1B94950900F74142 /* Build configuration list for PBXNativeTarget "test" */ = {
			isa = XCConfigurationList;
			buildConfigurations = (
				D69164FC1B94950900F74142 /* Debug */,
				D69164FD1B94950900F74142 /* Release */,
			);
			defaultConfigurationIsVisible = 0;
		};
/* End XCConfigurationList section */
	};
	rootObject = D69164E71B94950900F74142 /* Project object */;
}
